
Microsoft Visual Studio Solution File, Format Version 12.00
# Visual Studio Version 16
VisualStudioVersion = 16.0.30413.136
MinimumVisualStudioVersion = 10.0.40219.1
Project("{8BC9CEB8-8B4A-11D0-8D11-00A0C91BC942}") = "CPPTEST", "CPPTEST\CPPTEST.vcxproj", "{0D94BBC4-139E-4407-92C5-BE17072FD35E}"
EndProject
Global
	GlobalSection(SolutionConfigurationPlatforms) = preSolution
		Debug|x64 = Debug|x64
		Debug|x86 = Debug|x86
		Release|x64 = Release|x64
		Release|x86 = Release|x86
	EndGlobalSection
	GlobalSection(ProjectConfigurationPlatforms) = postSolution
		{0D94BBC4-139E-4407-92C5-BE17072FD35E}.Debug|x64.ActiveCfg = Debug|x64
		{0D94BBC4-139E-4407-92C5-BE17072FD35E}.Debug|x64.Build.0 = Debug|x64
		{0D94BBC4-139E-4407-92C5-BE17072FD35E}.Debug|x86.ActiveCfg = Debug|Win32
		{0D94BBC4-139E-4407-92C5-BE17072FD35E}.Debug|x86.Build.0 = Debug|Win32
		{0D94BBC4-139E-4407-92C5-BE17072FD35E}.Release|x64.ActiveCfg = Release|x64
		{0D94BBC4-139E-4407-92C5-BE17072FD35E}.Release|x64.Build.0 = Release|x64
		{0D94BBC4-139E-4407-92C5-BE17072FD35E}.Release|x86.ActiveCfg = Release|Win32
		{0D94BBC4-139E-4407-92C5-BE17072FD35E}.Release|x86.Build.0 = Release|Win32
	EndGlobalSection
	GlobalSection(SolutionProperties) = preSolution
		HideSolutionNode = FALSE
	EndGlobalSection
	GlobalSection(ExtensibilityGlobals) = postSolution
		SolutionGuid = {6E75FFAF-D128-4F15-93E2-0C59BA9D7DE8}
	EndGlobalSection
EndGlobal
